
Microsoft Visual Studio Solution File, Format Version 12.00
# Visual Studio Version 16
VisualStudioVersion = 16.0.29709.97
MinimumVisualStudioVersion = 10.0.40219.1
Project("{FAE04EC0-301F-11D3-BF4B-00C04F79EFBC}") = "sanitary.app.Android", "sanitary.app\sanitary.app.Android\sanitary.app.Android.csproj", "{F3A4936D-7C5B-4D68-A302-0BFEA106BC98}"
EndProject
Project("{FAE04EC0-301F-11D3-BF4B-00C04F79EFBC}") = "sanitary.app.iOS", "sanitary.app\sanitary.app.iOS\sanitary.app.iOS.csproj", "{61E1E23D-784B-4CDA-89DA-5F691AC97BCA}"
EndProject
Project("{FAE04EC0-301F-11D3-BF4B-00C04F79EFBC}") = "sanitary.app", "sanitary.app\sanitary.app\sanitary.app.csproj", "{64AB9BD8-DA6C-46AE-8952-5059FF5E8FE4}"
EndProject
Global
	GlobalSection(SolutionConfigurationPlatforms) = preSolution
		Debug|Any CPU = Debug|Any CPU
		Debug|iPhone = Debug|iPhone
		Debug|iPhoneSimulator = Debug|iPhoneSimulator
		Release|Any CPU = Release|Any CPU
		Release|iPhone = Release|iPhone
		Release|iPhoneSimulator = Release|iPhoneSimulator
	EndGlobalSection
	GlobalSection(ProjectConfigurationPlatforms) = postSolution
		{F3A4936D-7C5B-4D68-A302-0BFEA106BC98}.Debug|Any CPU.ActiveCfg = Debug|Any CPU
		{F3A4936D-7C5B-4D68-A302-0BFEA106BC98}.Debug|Any CPU.Build.0 = Debug|Any CPU
		{F3A4936D-7C5B-4D68-A302-0BFEA106BC98}.Debug|Any CPU.Deploy.0 = Debug|Any CPU
		{F3A4936D-7C5B-4D68-A302-0BFEA106BC98}.Debug|iPhone.ActiveCfg = Debug|Any CPU
		{F3A4936D-7C5B-4D68-A302-0BFEA106BC98}.Debug|iPhone.Build.0 = Debug|Any CPU
		{F3A4936D-7C5B-4D68-A302-0BFEA106BC98}.Debug|iPhone.Deploy.0 = Debug|Any CPU
		{F3A4936D-7C5B-4D68-A302-0BFEA106BC98}.Debug|iPhoneSimulator.ActiveCfg = Debug|Any CPU
		{F3A4936D-7C5B-4D68-A302-0BFEA106BC98}.Debug|iPhoneSimulator.Build.0 = Debug|Any CPU
		{F3A4936D-7C5B-4D68-A302-0BFEA106BC98}.Debug|iPhoneSimulator.Deploy.0 = Debug|Any CPU
		{F3A4936D-7C5B-4D68-A302-0BFEA106BC98}.Release|Any CPU.ActiveCfg = Release|Any CPU
		{F3A4936D-7C5B-4D68-A302-0BFEA106BC98}.Release|Any CPU.Build.0 = Release|Any CPU
		{F3A4936D-7C5B-4D68-A302-0BFEA106BC98}.Release|Any CPU.Deploy.0 = Release|Any CPU
		{F3A4936D-7C5B-4D68-A302-0BFEA106BC98}.Release|iPhone.ActiveCfg = Release|Any CPU
		{F3A4936D-7C5B-4D68-A302-0BFEA106BC98}.Release|iPhone.Build.0 = Release|Any CPU
		{F3A4936D-7C5B-4D68-A302-0BFEA106BC98}.Release|iPhone.Deploy.0 = Release|Any CPU
		{F3A4936D-7C5B-4D68-A302-0BFEA106BC98}.Release|iPhoneSimulator.ActiveCfg = Release|Any CPU
		{F3A4936D-7C5B-4D68-A302-0BFEA106BC98}.Release|iPhoneSimulator.Build.0 = Release|Any CPU
		{F3A4936D-7C5B-4D68-A302-0BFEA106BC98}.Release|iPhoneSimulator.Deploy.0 = Release|Any CPU
		{61E1E23D-784B-4CDA-89DA-5F691AC97BCA}.Debug|Any CPU.ActiveCfg = Debug|iPhoneSimulator
		{61E1E23D-784B-4CDA-89DA-5F691AC97BCA}.Debug|Any CPU.Build.0 = Debug|iPhoneSimulator
		{61E1E23D-784B-4CDA-89DA-5F691AC97BCA}.Debug|Any CPU.Deploy.0 = Debug|iPhoneSimulator
		{61E1E23D-784B-4CDA-89DA-5F691AC97BCA}.Debug|iPhone.ActiveCfg = Debug|iPhone
		{61E1E23D-784B-4CDA-89DA-5F691AC97BCA}.Debug|iPhone.Build.0 = Debug|iPhone
		{61E1E23D-784B-4CDA-89DA-5F691AC97BCA}.Debug|iPhone.Deploy.0 = Debug|iPhone
		{61E1E23D-784B-4CDA-89DA-5F691AC97BCA}.Debug|iPhoneSimulator.ActiveCfg = Debug|iPhoneSimulator
		{61E1E23D-784B-4CDA-89DA-5F691AC97BCA}.Debug|iPhoneSimulator.Build.0 = Debug|iPhoneSimulator
		{61E1E23D-784B-4CDA-89DA-5F691AC97BCA}.Debug|iPhoneSimulator.Deploy.0 = Debug|iPhoneSimulator
		{61E1E23D-784B-4CDA-89DA-5F691AC97BCA}.Release|Any CPU.ActiveCfg = Release|iPhone
		{61E1E23D-784B-4CDA-89DA-5F691AC97BCA}.Release|Any CPU.Build.0 = Release|iPhone
		{61E1E23D-784B-4CDA-89DA-5F691AC97BCA}.Release|Any CPU.Deploy.0 = Release|iPhone
		{61E1E23D-784B-4CDA-89DA-5F691AC97BCA}.Release|iPhone.ActiveCfg = Release|iPhone
		{61E1E23D-784B-4CDA-89DA-5F691AC97BCA}.Release|iPhone.Build.0 = Release|iPhone
		{61E1E23D-784B-4CDA-89DA-5F691AC97BCA}.Release|iPhone.Deploy.0 = Release|iPhone
		{61E1E23D-784B-4CDA-89DA-5F691AC97BCA}.Release|iPhoneSimulator.ActiveCfg = Release|iPhoneSimulator
		{61E1E23D-784B-4CDA-89DA-5F691AC97BCA}.Release|iPhoneSimulator.Build.0 = Release|iPhoneSimulator
		{61E1E23D-784B-4CDA-89DA-5F691AC97BCA}.Release|iPhoneSimulator.Deploy.0 = Release|iPhoneSimulator
		{64AB9BD8-DA6C-46AE-8952-5059FF5E8FE4}.Debug|Any CPU.ActiveCfg = Debug|Any CPU
		{64AB9BD8-DA6C-46AE-8952-5059FF5E8FE4}.Debug|Any CPU.Build.0 = Debug|Any CPU
		{64AB9BD8-DA6C-46AE-8952-5059FF5E8FE4}.Debug|Any CPU.Deploy.0 = Debug|Any CPU
		{64AB9BD8-DA6C-46AE-8952-5059FF5E8FE4}.Debug|iPhone.ActiveCfg = Debug|Any CPU
		{64AB9BD8-DA6C-46AE-8952-5059FF5E8FE4}.Debug|iPhone.Build.0 = Debug|Any CPU
		{64AB9BD8-DA6C-46AE-8952-5059FF5E8FE4}.Debug|iPhone.Deploy.0 = Debug|Any CPU
		{64AB9BD8-DA6C-46AE-8952-5059FF5E8FE4}.Debug|iPhoneSimulator.ActiveCfg = Debug|Any CPU
		{64AB9BD8-DA6C-46AE-8952-5059FF5E8FE4}.Debug|iPhoneSimulator.Build.0 = Debug|Any CPU
		{64AB9BD8-DA6C-46AE-8952-5059FF5E8FE4}.Debug|iPhoneSimulator.Deploy.0 = Debug|Any CPU
		{64AB9BD8-DA6C-46AE-8952-5059FF5E8FE4}.Release|Any CPU.ActiveCfg = Release|Any CPU
		{64AB9BD8-DA6C-46AE-8952-5059FF5E8FE4}.Release|Any CPU.Build.0 = Release|Any CPU
		{64AB9BD8-DA6C-46AE-8952-5059FF5E8FE4}.Release|Any CPU.Deploy.0 = Release|Any CPU
		{64AB9BD8-DA6C-46AE-8952-5059FF5E8FE4}.Release|iPhone.ActiveCfg = Release|Any CPU
		{64AB9BD8-DA6C-46AE-8952-5059FF5E8FE4}.Release|iPhone.Build.0 = Release|Any CPU
		{64AB9BD8-DA6C-46AE-8952-5059FF5E8FE4}.Release|iPhone.Deploy.0 = Release|Any CPU
		{64AB9BD8-DA6C-46AE-8952-5059FF5E8FE4}.Release|iPhoneSimulator.ActiveCfg = Release|Any CPU
		{64AB9BD8-DA6C-46AE-8952-5059FF5E8FE4}.Release|iPhoneSimulator.Build.0 = Release|Any CPU
		{64AB9BD8-DA6C-46AE-8952-5059FF5E8FE4}.Release|iPhoneSimulator.Deploy.0 = Release|Any CPU
	EndGlobalSection
	GlobalSection(SolutionProperties) = preSolution
		HideSolutionNode = FALSE
	EndGlobalSection
	GlobalSection(ExtensibilityGlobals) = postSolution
		SolutionGuid = {88EDAFFC-F0BB-414A-95AB-E399E7255DC9}
	EndGlobalSection
EndGlobal
